// !$*UTF8*$!
{
	archiveVersion = 1;
	classes = {
	};
	objectVersion = 77;
	objects = {

/* Begin PBXContainerItemProxy section */
		EA161AC12E4BA71A00F15285 /* PBXContainerItemProxy */ = {
			isa = PBXContainerItemProxy;
			containerPortal = EA161AA22E4BA71900F15285 /* Project object */;
			proxyType = 1;
			remoteGlobalIDString = EA161AA92E4BA71900F15285;
			remoteInfo = FirebaseDebuggingApp;
		};
		EA161ACB2E4BA71A00F15285 /* PBXContainerItemProxy */ = {
			isa = PBXContainerItemProxy;
			containerPortal = EA161AA22E4BA71900F15285 /* Project object */;
			proxyType = 1;
			remoteGlobalIDString = EA161AA92E4BA71900F15285;
			remoteInfo = FirebaseDebuggingApp;
		};
/* End PBXContainerItemProxy section */

/* Begin PBXFileReference section */
		EA161AAA2E4BA71900F15285 /* FirebaseDebuggingApp.app */ = {isa = PBXFileReference; explicitFileType = wrapper.application; includeInIndex = 0; path = FirebaseDebuggingApp.app; sourceTree = BUILT_PRODUCTS_DIR; };
		EA161AC02E4BA71A00F15285 /* FirebaseDebuggingAppTests.xctest */ = {isa = PBXFileReference; explicitFileType = wrapper.cfbundle; includeInIndex = 0; path = FirebaseDebuggingAppTests.xctest; sourceTree = BUILT_PRODUCTS_DIR; };
		EA161ACA2E4BA71A00F15285 /* FirebaseDebuggingAppUITests.xctest */ = {isa = PBXFileReference; explicitFileType = wrapper.cfbundle; includeInIndex = 0; path = FirebaseDebuggingAppUITests.xctest; sourceTree = BUILT_PRODUCTS_DIR; };
/* End PBXFileReference section */

/* Begin PBXFileSystemSynchronizedBuildFileExceptionSet section */
		EA161AD22E4BA71A00F15285 /* Exceptions for "FirebaseDebuggingApp" folder in "FirebaseDebuggingApp" target */ = {
			isa = PBXFileSystemSynchronizedBuildFileExceptionSet;
			membershipExceptions = (
				Info.plist,
			);
			target = EA161AA92E4BA71900F15285 /* FirebaseDebuggingApp */;
		};
/* End PBXFileSystemSynchronizedBuildFileExceptionSet section */

/* Begin PBXFileSystemSynchronizedRootGroup section */
		EA161AAC2E4BA71900F15285 /* FirebaseDebuggingApp */ = {
			isa = PBXFileSystemSynchronizedRootGroup;
			exceptions = (
				EA161AD22E4BA71A00F15285 /* Exceptions for "FirebaseDebuggingApp" folder in "FirebaseDebuggingApp" target */,
			);
			path = FirebaseDebuggingApp;
			sourceTree = "<group>";
		};
		EA161AC32E4BA71A00F15285 /* FirebaseDebuggingAppTests */ = {
			isa = PBXFileSystemSynchronizedRootGroup;
			path = FirebaseDebuggingAppTests;
			sourceTree = "<group>";
		};
		EA161ACD2E4BA71A00F15285 /* FirebaseDebuggingAppUITests */ = {
			isa = PBXFileSystemSynchronizedRootGroup;
			path = FirebaseDebuggingAppUITests;
			sourceTree = "<group>";
		};
/* End PBXFileSystemSynchronizedRootGroup section */

/* Begin PBXFrameworksBuildPhase section */
		EA161AA72E4BA71900F15285 /* Frameworks */ = {
			isa = PBXFrameworksBuildPhase;
			buildActionMask = 2147483647;
			files = (
			);
			runOnlyForDeploymentPostprocessing = 0;
		};
		EA161ABD2E4BA71A00F15285 /* Frameworks */ = {
			isa = PBXFrameworksBuildPhase;
			buildActionMask = 2147483647;
			files = (
			);
			runOnlyForDeploymentPostprocessing = 0;
		};
		EA161AC72E4BA71A00F15285 /* Frameworks */ = {
			isa = PBXFrameworksBuildPhase;
			buildActionMask = 2147483647;
			files = (
			);
			runOnlyForDeploymentPostprocessing = 0;
		};
/* End PBXFrameworksBuildPhase section */

/* Begin PBXGroup section */
		EA161AA12E4BA71900F15285 = {
			isa = PBXGroup;
			children = (
				EA161AAC2E4BA71900F15285 /* FirebaseDebuggingApp */,
				EA161AC32E4BA71A00F15285 /* FirebaseDebuggingAppTests */,
				EA161ACD2E4BA71A00F15285 /* FirebaseDebuggingAppUITests */,
				EA161AAB2E4BA71900F15285 /* Products */,
			);
			sourceTree = "<group>";
		};
		EA161AAB2E4BA71900F15285 /* Products */ = {
			isa = PBXGroup;
			children = (
				EA161AAA2E4BA71900F15285 /* FirebaseDebuggingApp.app */,
				EA161AC02E4BA71A00F15285 /* FirebaseDebuggingAppTests.xctest */,
				EA161ACA2E4BA71A00F15285 /* FirebaseDebuggingAppUITests.xctest */,
			);
			name = Products;
			sourceTree = "<group>";
		};
/* End PBXGroup section */

/* Begin PBXNativeTarget section */
		EA161AA92E4BA71900F15285 /* FirebaseDebuggingApp */ = {
			isa = PBXNativeTarget;
			buildConfigurationList = EA161AD32E4BA71A00F15285 /* Build configuration list for PBXNativeTarget "FirebaseDebuggingApp" */;
			buildPhases = (
				EA161AA62E4BA71900F15285 /* Sources */,
				EA161AA72E4BA71900F15285 /* Frameworks */,
				EA161AA82E4BA71900F15285 /* Resources */,
			);
			buildRules = (
			);
			dependencies = (
			);
			fileSystemSynchronizedGroups = (
				EA161AAC2E4BA71900F15285 /* FirebaseDebuggingApp */,
			);
			name = FirebaseDebuggingApp;
			packageProductDependencies = (
			);
			productName = FirebaseDebuggingApp;
			productReference = EA161AAA2E4BA71900F15285 /* FirebaseDebuggingApp.app */;
			productType = "com.apple.product-type.application";
		};
		EA161ABF2E4BA71A00F15285 /* FirebaseDebuggingAppTests */ = {
			isa = PBXNativeTarget;
			buildConfigurationList = EA161AD82E4BA71A00F15285 /* Build configuration list for PBXNativeTarget "FirebaseDebuggingAppTests" */;
			buildPhases = (
				EA161ABC2E4BA71A00F15285 /* Sources */,
				EA161ABD2E4BA71A00F15285 /* Frameworks */,
				EA161ABE2E4BA71A00F15285 /* Resources */,
			);
			buildRules = (
			);
			dependencies = (
				EA161AC22E4BA71A00F15285 /* PBXTargetDependency */,
			);
			fileSystemSynchronizedGroups = (
				EA161AC32E4BA71A00F15285 /* FirebaseDebuggingAppTests */,
			);
			name = FirebaseDebuggingAppTests;
			packageProductDependencies = (
			);
			productName = FirebaseDebuggingAppTests;
			productReference = EA161AC02E4BA71A00F15285 /* FirebaseDebuggingAppTests.xctest */;
			productType = "com.apple.product-type.bundle.unit-test";
		};
		EA161AC92E4BA71A00F15285 /* FirebaseDebuggingAppUITests */ = {
			isa = PBXNativeTarget;
			buildConfigurationList = EA161ADB2E4BA71A00F15285 /* Build configuration list for PBXNativeTarget "FirebaseDebuggingAppUITests" */;
			buildPhases = (
				EA161AC62E4BA71A00F15285 /* Sources */,
				EA161AC72E4BA71A00F15285 /* Frameworks */,
				EA161AC82E4BA71A00F15285 /* Resources */,
			);
			buildRules = (
			);
			dependencies = (
				EA161ACC2E4BA71A00F15285 /* PBXTargetDependency */,
			);
			fileSystemSynchronizedGroups = (
				EA161ACD2E4BA71A00F15285 /* FirebaseDebuggingAppUITests */,
			);
			name = FirebaseDebuggingAppUITests;
			packageProductDependencies = (
			);
			productName = FirebaseDebuggingAppUITests;
			productReference = EA161ACA2E4BA71A00F15285 /* FirebaseDebuggingAppUITests.xctest */;
			productType = "com.apple.product-type.bundle.ui-testing";
		};
/* End PBXNativeTarget section */

/* Begin PBXProject section */
		EA161AA22E4BA71900F15285 /* Project object */ = {
			isa = PBXProject;
			attributes = {
				BuildIndependentTargetsInParallel = 1;
				LastSwiftUpdateCheck = 1640;
				LastUpgradeCheck = 1640;
				TargetAttributes = {
					EA161AA92E4BA71900F15285 = {
						CreatedOnToolsVersion = 16.4;
					};
					EA161ABF2E4BA71A00F15285 = {
						CreatedOnToolsVersion = 16.4;
						TestTargetID = EA161AA92E4BA71900F15285;
					};
					EA161AC92E4BA71A00F15285 = {
						CreatedOnToolsVersion = 16.4;
						TestTargetID = EA161AA92E4BA71900F15285;
					};
				};
			};
			buildConfigurationList = EA161AA52E4BA71900F15285 /* Build configuration list for PBXProject "FirebaseDebuggingApp" */;
			developmentRegion = en;
			hasScannedForEncodings = 0;
			knownRegions = (
				en,
				Base,
			);
			mainGroup = EA161AA12E4BA71900F15285;
			minimizedProjectReferenceProxies = 1;
			preferredProjectObjectVersion = 77;
			productRefGroup = EA161AAB2E4BA71900F15285 /* Products */;
			projectDirPath = "";
			projectRoot = "";
			targets = (
				EA161AA92E4BA71900F15285 /* FirebaseDebuggingApp */,
				EA161ABF2E4BA71A00F15285 /* FirebaseDebuggingAppTests */,
				EA161AC92E4BA71A00F15285 /* FirebaseDebuggingAppUITests */,
			);
		};
/* End PBXProject section */

/* Begin PBXResourcesBuildPhase section */
		EA161AA82E4BA71900F15285 /* Resources */ = {
			isa = PBXResourcesBuildPhase;
			buildActionMask = 2147483647;
			files = (
			);
			runOnlyForDeploymentPostprocessing = 0;
		};
		EA161ABE2E4BA71A00F15285 /* Resources */ = {
			isa = PBXResourcesBuildPhase;
			buildActionMask = 2147483647;
			files = (
			);
			runOnlyForDeploymentPostprocessing = 0;
		};
		EA161AC82E4BA71A00F15285 /* Resources */ = {
			isa = PBXResourcesBuildPhase;
			buildActionMask = 2147483647;
			files = (
			);
			runOnlyForDeploymentPostprocessing = 0;
		};
/* End PBXResourcesBuildPhase section */

/* Begin PBXSourcesBuildPhase section */
		EA161AA62E4BA71900F15285 /* Sources */ = {
			isa = PBXSourcesBuildPhase;
			buildActionMask = 2147483647;
			files = (
			);
			runOnlyForDeploymentPostprocessing = 0;
		};
		EA161ABC2E4BA71A00F15285 /* Sources */ = {
			isa = PBXSourcesBuildPhase;
			buildActionMask = 2147483647;
			files = (
			);
			runOnlyForDeploymentPostprocessing = 0;
		};
		EA161AC62E4BA71A00F15285 /* Sources */ = {
			isa = PBXSourcesBuildPhase;
			buildActionMask = 2147483647;
			files = (
			);
			runOnlyForDeploymentPostprocessing = 0;
		};
/* End PBXSourcesBuildPhase section */

/* Begin PBXTargetDependency section */
		EA161AC22E4BA71A00F15285 /* PBXTargetDependency */ = {
			isa = PBXTargetDependency;
			target = EA161AA92E4BA71900F15285 /* FirebaseDebuggingApp */;
			targetProxy = EA161AC12E4BA71A00F15285 /* PBXContainerItemProxy */;
		};
		EA161ACC2E4BA71A00F15285 /* PBXTargetDependency */ = {
			isa = PBXTargetDependency;
			target = EA161AA92E4BA71900F15285 /* FirebaseDebuggingApp */;
			targetProxy = EA161ACB2E4BA71A00F15285 /* PBXContainerItemProxy */;
		};
/* End PBXTargetDependency section */

/* Begin XCBuildConfiguration section */
		EA161AD42E4BA71A00F15285 /* Debug */ = {
			isa = XCBuildConfiguration;
			buildSettings = {
				ASSETCATALOG_COMPILER_APPICON_NAME = AppIcon;
				ASSETCATALOG_COMPILER_GLOBAL_ACCENT_COLOR_NAME = AccentColor;
				CODE_SIGN_STYLE = Automatic;
				CURRENT_PROJECT_VERSION = 1;
				DEVELOPMENT_TEAM = GRW2UH3V3M;
				GENERATE_INFOPLIST_FILE = YES;
				INFOPLIST_FILE = FirebaseDebuggingApp/Info.plist;
				INFOPLIST_KEY_UIApplicationSupportsIndirectInputEvents = YES;
				INFOPLIST_KEY_UILaunchStoryboardName = LaunchScreen;
				INFOPLIST_KEY_UIMainStoryboardFile = Main;
				INFOPLIST_KEY_UISupportedInterfaceOrientations_iPad = "UIInterfaceOrientationPortrait UIInterfaceOrientationPortraitUpsideDown UIInterfaceOrientationLandscapeLeft UIInterfaceOrientationLandscapeRight";
				INFOPLIST_KEY_UISupportedInterfaceOrientations_iPhone = "UIInterfaceOrientationPortrait UIInterfaceOrientationLandscapeLeft UIInterfaceOrientationLandscapeRight";
				LD_RUNPATH_SEARCH_PATHS = (
					"$(inherited)",
					"@executable_path/Frameworks",
				);
				MARKETING_VERSION = 1.0;
				PRODUCT_BUNDLE_IDENTIFIER = com.rojas.FirebaseDebuggingApp;
				PRODUCT_NAME = "$(TARGET_NAME)";
				SWIFT_EMIT_LOC_STRINGS = YES;
				SWIFT_VERSION = 5.0;
				TARGETED_DEVICE_FAMILY = "1,2";
			};
			name = Debug;
		};
		EA161AD52E4BA71A00F15285 /* Release */ = {
			isa = XCBuildConfiguration;
			buildSettings = {
				ASSETCATALOG_COMPILER_APPICON_NAME = AppIcon;
				ASSETCATALOG_COMPILER_GLOBAL_ACCENT_COLOR_NAME = AccentColor;
				CODE_SIGN_STYLE = Automatic;
				CURRENT_PROJECT_VERSION = 1;
				DEVELOPMENT_TEAM = GRW2UH3V3M;
				GENERATE_INFOPLIST_FILE = YES;
				INFOPLIST_FILE = FirebaseDebuggingApp/Info.plist;
				INFOPLIST_KEY_UIApplicationSupportsIndirectInputEvents = YES;
				INFOPLIST_KEY_UILaunchStoryboardName = LaunchScreen;
				INFOPLIST_KEY_UIMainStoryboardFile = Main;
				INFOPLIST_KEY_UISupportedInterfaceOrientations_iPad = "UIInterfaceOrientationPortrait UIInterfaceOrientationPortraitUpsideDown UIInterfaceOrientationLandscapeLeft UIInterfaceOrientationLandscapeRight";
				INFOPLIST_KEY_UISupportedInterfaceOrientations_iPhone = "UIInterfaceOrientationPortrait UIInterfaceOrientationLandscapeLeft UIInterfaceOrientationLandscapeRight";
				LD_RUNPATH_SEARCH_PATHS = (
					"$(inherited)",
					"@executable_path/Frameworks",
				);
				MARKETING_VERSION = 1.0;
				PRODUCT_BUNDLE_IDENTIFIER = com.rojas.FirebaseDebuggingApp;
				PRODUCT_NAME = "$(TARGET_NAME)";
				SWIFT_EMIT_LOC_STRINGS = YES;
				SWIFT_VERSION = 5.0;
				TARGETED_DEVICE_FAMILY = "1,2";
			};
			name = Release;
		};
		EA161AD62E4BA71A00F15285 /* Debug */ = {
			isa = XCBuildConfiguration;
			buildSettings = {
				ALWAYS_SEARCH_USER_PATHS = NO;
				ASSETCATALOG_COMPILER_GENERATE_SWIFT_ASSET_SYMBOL_EXTENSIONS = YES;
				CLANG_ANALYZER_NONNULL = YES;
				CLANG_ANALYZER_NUMBER_OBJECT_CONVERSION = YES_AGGRESSIVE;
				CLANG_CXX_LANGUAGE_STANDARD = "gnu++20";
				CLANG_ENABLE_MODULES = YES;
				CLANG_ENABLE_OBJC_ARC = YES;
				CLANG_ENABLE_OBJC_WEAK = YES;
				CLANG_WARN_BLOCK_CAPTURE_AUTORELEASING = YES;
				CLANG_WARN_BOOL_CONVERSION = YES;
				CLANG_WARN_COMMA = YES;
				CLANG_WARN_CONSTANT_CONVERSION = YES;
				CLANG_WARN_DEPRECATED_OBJC_IMPLEMENTATIONS = YES;
				CLANG_WARN_DIRECT_OBJC_ISA_USAGE = YES_ERROR;
				CLANG_WARN_DOCUMENTATION_COMMENTS = YES;
				CLANG_WARN_EMPTY_BODY = YES;
				CLANG_WARN_ENUM_CONVERSION = YES;
				CLANG_WARN_INFINITE_RECURSION = YES;
				CLANG_WARN_INT_CONVERSION = YES;
				CLANG_WARN_NON_LITERAL_NULL_CONVERSION = YES;
				CLANG_WARN_OBJC_IMPLICIT_RETAIN_SELF = YES;
				CLANG_WARN_OBJC_LITERAL_CONVERSION = YES;
				CLANG_WARN_OBJC_ROOT_CLASS = YES_ERROR;
				CLANG_WARN_QUOTED_INCLUDE_IN_FRAMEWORK_HEADER = YES;
				CLANG_WARN_RANGE_LOOP_ANALYSIS = YES;
				CLANG_WARN_STRICT_PROTOTYPES = YES;
				CLANG_WARN_SUSPICIOUS_MOVE = YES;
				CLANG_WARN_UNGUARDED_AVAILABILITY = YES_AGGRESSIVE;
				CLANG_WARN_UNREACHABLE_CODE = YES;
				CLANG_WARN__DUPLICATE_METHOD_MATCH = YES;
				COPY_PHASE_STRIP = NO;
				DEBUG_INFORMATION_FORMAT = dwarf;
				DEVELOPMENT_TEAM = GRW2UH3V3M;
				ENABLE_STRICT_OBJC_MSGSEND = YES;
				ENABLE_TESTABILITY = YES;
				ENABLE_USER_SCRIPT_SANDBOXING = YES;
				GCC_C_LANGUAGE_STANDARD = gnu17;
				GCC_DYNAMIC_NO_PIC = NO;
				GCC_NO_COMMON_BLOCKS = YES;
				GCC_OPTIMIZATION_LEVEL = 0;
				GCC_PREPROCESSOR_DEFINITIONS = (
					"DEBUG=1",
					"$(inherited)",
				);
				GCC_WARN_64_TO_32_BIT_CONVERSION = YES;
				GCC_WARN_ABOUT_RETURN_TYPE = YES_ERROR;
				GCC_WARN_UNDECLARED_SELECTOR = YES;
				GCC_WARN_UNINITIALIZED_AUTOS = YES_AGGRESSIVE;
				GCC_WARN_UNUSED_FUNCTION = YES;
				GCC_WARN_UNUSED_VARIABLE = YES;
				IPHONEOS_DEPLOYMENT_TARGET = 18.5;
				LOCALIZATION_PREFERS_STRING_CATALOGS = YES;
				MTL_ENABLE_DEBUG_INFO = INCLUDE_SOURCE;
				MTL_FAST_MATH = YES;
				ONLY_ACTIVE_ARCH = YES;
				SDKROOT = iphoneos;
				SWIFT_ACTIVE_COMPILATION_CONDITIONS = "DEBUG $(inherited)";
				SWIFT_OPTIMIZATION_LEVEL = "-Onone";
			};
			name = Debug;
		};
		EA161AD72E4BA71A00F15285 /* Release */ = {
			isa = XCBuildConfiguration;
			buildSettings = {
				ALWAYS_SEARCH_USER_PATHS = NO;
				ASSETCATALOG_COMPILER_GENERATE_SWIFT_ASSET_SYMBOL_EXTENSIONS = YES;
				CLANG_ANALYZER_NONNULL = YES;
				CLANG_ANALYZER_NUMBER_OBJECT_CONVERSION = YES_AGGRESSIVE;
				CLANG_CXX_LANGUAGE_STANDARD = "gnu++20";
				CLANG_ENABLE_MODULES = YES;
				CLANG_ENABLE_OBJC_ARC = YES;
				CLANG_ENABLE_OBJC_WEAK = YES;
				CLANG_WARN_BLOCK_CAPTURE_AUTORELEASING = YES;
				CLANG_WARN_BOOL_CONVERSION = YES;
				CLANG_WARN_COMMA = YES;
				CLANG_WARN_CONSTANT_CONVERSION = YES;
				CLANG_WARN_DEPRECATED_OBJC_IMPLEMENTATIONS = YES;
				CLANG_WARN_DIRECT_OBJC_ISA_USAGE = YES_ERROR;
				CLANG_WARN_DOCUMENTATION_COMMENTS = YES;
				CLANG_WARN_EMPTY_BODY = YES;
				CLANG_WARN_ENUM_CONVERSION = YES;
				CLANG_WARN_INFINITE_RECURSION = YES;
				CLANG_WARN_INT_CONVERSION = YES;
				CLANG_WARN_NON_LITERAL_NULL_CONVERSION = YES;
				CLANG_WARN_OBJC_IMPLICIT_RETAIN_SELF = YES;
				CLANG_WARN_OBJC_LITERAL_CONVERSION = YES;
				CLANG_WARN_OBJC_ROOT_CLASS = YES_ERROR;
				CLANG_WARN_QUOTED_INCLUDE_IN_FRAMEWORK_HEADER = YES;
				CLANG_WARN_RANGE_LOOP_ANALYSIS = YES;
				CLANG_WARN_STRICT_PROTOTYPES = YES;
				CLANG_WARN_SUSPICIOUS_MOVE = YES;
				CLANG_WARN_UNGUARDED_AVAILABILITY = YES_AGGRESSIVE;
				CLANG_WARN_UNREACHABLE_CODE = YES;
				CLANG_WARN__DUPLICATE_METHOD_MATCH = YES;
				COPY_PHASE_STRIP = NO;
				DEBUG_INFORMATION_FORMAT = "dwarf-with-dsym";
				DEVELOPMENT_TEAM = GRW2UH3V3M;
				ENABLE_NS_ASSERTIONS = NO;
				ENABLE_STRICT_OBJC_MSGSEND = YES;
				ENABLE_USER_SCRIPT_SANDBOXING = YES;
				GCC_C_LANGUAGE_STANDARD = gnu17;
				GCC_NO_COMMON_BLOCKS = YES;
				GCC_WARN_64_TO_32_BIT_CONVERSION = YES;
				GCC_WARN_ABOUT_RETURN_TYPE = YES_ERROR;
				GCC_WARN_UNDECLARED_SELECTOR = YES;
				GCC_WARN_UNINITIALIZED_AUTOS = YES_AGGRESSIVE;
				GCC_WARN_UNUSED_FUNCTION = YES;
				GCC_WARN_UNUSED_VARIABLE = YES;
				IPHONEOS_DEPLOYMENT_TARGET = 18.5;
				LOCALIZATION_PREFERS_STRING_CATALOGS = YES;
				MTL_ENABLE_DEBUG_INFO = NO;
				MTL_FAST_MATH = YES;
				SDKROOT = iphoneos;
				SWIFT_COMPILATION_MODE = wholemodule;
				VALIDATE_PRODUCT = YES;
			};
			name = Release;
		};
		EA161AD92E4BA71A00F15285 /* Debug */ = {
			isa = XCBuildConfiguration;
			buildSettings = {
				BUNDLE_LOADER = "$(TEST_HOST)";
				CODE_SIGN_STYLE = Automatic;
				CURRENT_PROJECT_VERSION = 1;
				DEVELOPMENT_TEAM = GRW2UH3V3M;
				GENERATE_INFOPLIST_FILE = YES;
				IPHONEOS_DEPLOYMENT_TARGET = 18.5;
				MARKETING_VERSION = 1.0;
				PRODUCT_BUNDLE_IDENTIFIER = com.rojas.FirebaseDebuggingAppTests;
				PRODUCT_NAME = "$(TARGET_NAME)";
				SWIFT_EMIT_LOC_STRINGS = NO;
				SWIFT_VERSION = 5.0;
				TARGETED_DEVICE_FAMILY = "1,2";
				TEST_HOST = "$(BUILT_PRODUCTS_DIR)/FirebaseDebuggingApp.app/$(BUNDLE_EXECUTABLE_FOLDER_PATH)/FirebaseDebuggingApp";
			};
			name = Debug;
		};
		EA161ADA2E4BA71A00F15285 /* Release */ = {
			isa = XCBuildConfiguration;
			buildSettings = {
				BUNDLE_LOADER = "$(TEST_HOST)";
				CODE_SIGN_STYLE = Automatic;
				CURRENT_PROJECT_VERSION = 1;
				DEVELOPMENT_TEAM = GRW2UH3V3M;
				GENERATE_INFOPLIST_FILE = YES;
				IPHONEOS_DEPLOYMENT_TARGET = 18.5;
				MARKETING_VERSION = 1.0;
				PRODUCT_BUNDLE_IDENTIFIER = com.rojas.FirebaseDebuggingAppTests;
				PRODUCT_NAME = "$(TARGET_NAME)";
				SWIFT_EMIT_LOC_STRINGS = NO;
				SWIFT_VERSION = 5.0;
				TARGETED_DEVICE_FAMILY = "1,2";
				TEST_HOST = "$(BUILT_PRODUCTS_DIR)/FirebaseDebuggingApp.app/$(BUNDLE_EXECUTABLE_FOLDER_PATH)/FirebaseDebuggingApp";
			};
			name = Release;
		};
		EA161ADC2E4BA71A00F15285 /* Debug */ = {
			isa = XCBuildConfiguration;
			buildSettings = {
				CODE_SIGN_STYLE = Automatic;
				CURRENT_PROJECT_VERSION = 1;
				DEVELOPMENT_TEAM = GRW2UH3V3M;
				GENERATE_INFOPLIST_FILE = YES;
				MARKETING_VERSION = 1.0;
				PRODUCT_BUNDLE_IDENTIFIER = com.rojas.FirebaseDebuggingAppUITests;
				PRODUCT_NAME = "$(TARGET_NAME)";
				SWIFT_EMIT_LOC_STRINGS = NO;
				SWIFT_VERSION = 5.0;
				TARGETED_DEVICE_FAMILY = "1,2";
				TEST_TARGET_NAME = FirebaseDebuggingApp;
			};
			name = Debug;
		};
		EA161ADD2E4BA71A00F15285 /* Release */ = {
			isa = XCBuildConfiguration;
			buildSettings = {
				CODE_SIGN_STYLE = Automatic;
				CURRENT_PROJECT_VERSION = 1;
				DEVELOPMENT_TEAM = GRW2UH3V3M;
				GENERATE_INFOPLIST_FILE = YES;
				MARKETING_VERSION = 1.0;
				PRODUCT_BUNDLE_IDENTIFIER = com.rojas.FirebaseDebuggingAppUITests;
				PRODUCT_NAME = "$(TARGET_NAME)";
				SWIFT_EMIT_LOC_STRINGS = NO;
				SWIFT_VERSION = 5.0;
				TARGETED_DEVICE_FAMILY = "1,2";
				TEST_TARGET_NAME = FirebaseDebuggingApp;
			};
			name = Release;
		};
/* End XCBuildConfiguration section */

/* Begin XCConfigurationList section */
		EA161AA52E4BA71900F15285 /* Build configuration list for PBXProject "FirebaseDebuggingApp" */ = {
			isa = XCConfigurationList;
			buildConfigurations = (
				EA161AD62E4BA71A00F15285 /* Debug */,
				EA161AD72E4BA71A00F15285 /* Release */,
			);
			defaultConfigurationIsVisible = 0;
			defaultConfigurationName = Release;
		};
		EA161AD32E4BA71A00F15285 /* Build configuration list for PBXNativeTarget "FirebaseDebuggingApp" */ = {
			isa = XCConfigurationList;
			buildConfigurations = (
				EA161AD42E4BA71A00F15285 /* Debug */,
				EA161AD52E4BA71A00F15285 /* Release */,
			);
			defaultConfigurationIsVisible = 0;
			defaultConfigurationName = Release;
		};
		EA161AD82E4BA71A00F15285 /* Build configuration list for PBXNativeTarget "FirebaseDebuggingAppTests" */ = {
			isa = XCConfigurationList;
			buildConfigurations = (
				EA161AD92E4BA71A00F15285 /* Debug */,
				EA161ADA2E4BA71A00F15285 /* Release */,
			);
			defaultConfigurationIsVisible = 0;
			defaultConfigurationName = Release;
		};
		EA161ADB2E4BA71A00F15285 /* Build configuration list for PBXNativeTarget "FirebaseDebuggingAppUITests" */ = {
			isa = XCConfigurationList;
			buildConfigurations = (
				EA161ADC2E4BA71A00F15285 /* Debug */,
				EA161ADD2E4BA71A00F15285 /* Release */,
			);
			defaultConfigurationIsVisible = 0;
			defaultConfigurationName = Release;
		};
/* End XCConfigurationList section */
	};
	rootObject = EA161AA22E4BA71900F15285 /* Project object */;
}
